// !$*UTF8*$!
{
	archiveVersion = 1;
	classes = {
	};
	objectVersion = 51;
	objects = {

/* Begin PBXBuildFile section */
		59BF8CECE94C9557678990EE /* Pods_ToDoList.framework in Frameworks */ = {isa = PBXBuildFile; fileRef = E9D0155CABC057F8A9675B49 /* Pods_ToDoList.framework */; };
		90330B1B24BDD78E000345E9 /* Goal.swift in Sources */ = {isa = PBXBuildFile; fileRef = 90330B1A24BDD78E000345E9 /* Goal.swift */; };
		90330B1D24BDD825000345E9 /* GoalCell.swift in Sources */ = {isa = PBXBuildFile; fileRef = 90330B1C24BDD825000345E9 /* GoalCell.swift */; };
		9042589A24BD8C75004D2EF6 /* AppDelegate.swift in Sources */ = {isa = PBXBuildFile; fileRef = 9042589924BD8C75004D2EF6 /* AppDelegate.swift */; };
		9042589C24BD8C75004D2EF6 /* ViewController.swift in Sources */ = {isa = PBXBuildFile; fileRef = 9042589B24BD8C75004D2EF6 /* ViewController.swift */; };
		9042589F24BD8C75004D2EF6 /* Main.storyboard in Resources */ = {isa = PBXBuildFile; fileRef = 9042589D24BD8C75004D2EF6 /* Main.storyboard */; };
		904258A124BD8C77004D2EF6 /* Assets.xcassets in Resources */ = {isa = PBXBuildFile; fileRef = 904258A024BD8C77004D2EF6 /* Assets.xcassets */; };
		904258A424BD8C77004D2EF6 /* LaunchScreen.storyboard in Resources */ = {isa = PBXBuildFile; fileRef = 904258A224BD8C77004D2EF6 /* LaunchScreen.storyboard */; };
		90C9606C24BE7212002299C0 /* GoalListViewController.swift in Sources */ = {isa = PBXBuildFile; fileRef = 90C9606B24BE7211002299C0 /* GoalListViewController.swift */; };
		90C9606F24BE722A002299C0 /* AddGoalViewController.swift in Sources */ = {isa = PBXBuildFile; fileRef = 90C9606E24BE722A002299C0 /* AddGoalViewController.swift */; };
/* End PBXBuildFile section */

/* Begin PBXFileReference section */
		90330B1A24BDD78E000345E9 /* Goal.swift */ = {isa = PBXFileReference; lastKnownFileType = sourcecode.swift; path = Goal.swift; sourceTree = "<group>"; };
		90330B1C24BDD825000345E9 /* GoalCell.swift */ = {isa = PBXFileReference; lastKnownFileType = sourcecode.swift; path = GoalCell.swift; sourceTree = "<group>"; };
		9042589624BD8C75004D2EF6 /* ToDoList.app */ = {isa = PBXFileReference; explicitFileType = wrapper.application; includeInIndex = 0; path = ToDoList.app; sourceTree = BUILT_PRODUCTS_DIR; };
		9042589924BD8C75004D2EF6 /* AppDelegate.swift */ = {isa = PBXFileReference; lastKnownFileType = sourcecode.swift; path = AppDelegate.swift; sourceTree = "<group>"; };
		9042589B24BD8C75004D2EF6 /* ViewController.swift */ = {isa = PBXFileReference; lastKnownFileType = sourcecode.swift; path = ViewController.swift; sourceTree = "<group>"; };
		9042589E24BD8C75004D2EF6 /* Base */ = {isa = PBXFileReference; lastKnownFileType = file.storyboard; name = Base; path = Base.lproj/Main.storyboard; sourceTree = "<group>"; };
		904258A024BD8C77004D2EF6 /* Assets.xcassets */ = {isa = PBXFileReference; lastKnownFileType = folder.assetcatalog; path = Assets.xcassets; sourceTree = "<group>"; };
		904258A324BD8C77004D2EF6 /* Base */ = {isa = PBXFileReference; lastKnownFileType = file.storyboard; name = Base; path = Base.lproj/LaunchScreen.storyboard; sourceTree = "<group>"; };
		904258A524BD8C77004D2EF6 /* Info.plist */ = {isa = PBXFileReference; lastKnownFileType = text.plist.xml; path = Info.plist; sourceTree = "<group>"; };
		90C9606B24BE7211002299C0 /* GoalListViewController.swift */ = {isa = PBXFileReference; lastKnownFileType = sourcecode.swift; path = GoalListViewController.swift; sourceTree = "<group>"; };
		90C9606E24BE722A002299C0 /* AddGoalViewController.swift */ = {isa = PBXFileReference; lastKnownFileType = sourcecode.swift; path = AddGoalViewController.swift; sourceTree = "<group>"; };
		B04FF892B75B55096B0995A6 /* Pods-ToDoList.release.xcconfig */ = {isa = PBXFileReference; includeInIndex = 1; lastKnownFileType = text.xcconfig; name = "Pods-ToDoList.release.xcconfig"; path = "Target Support Files/Pods-ToDoList/Pods-ToDoList.release.xcconfig"; sourceTree = "<group>"; };
		DE266F0C531223B4FA4BB2EB /* Pods-ToDoList.debug.xcconfig */ = {isa = PBXFileReference; includeInIndex = 1; lastKnownFileType = text.xcconfig; name = "Pods-ToDoList.debug.xcconfig"; path = "Target Support Files/Pods-ToDoList/Pods-ToDoList.debug.xcconfig"; sourceTree = "<group>"; };
		E9D0155CABC057F8A9675B49 /* Pods_ToDoList.framework */ = {isa = PBXFileReference; explicitFileType = wrapper.framework; includeInIndex = 0; path = Pods_ToDoList.framework; sourceTree = BUILT_PRODUCTS_DIR; };
/* End PBXFileReference section */

/* Begin PBXFrameworksBuildPhase section */
		9042589324BD8C75004D2EF6 /* Frameworks */ = {
			isa = PBXFrameworksBuildPhase;
			buildActionMask = 2147483647;
			files = (
				59BF8CECE94C9557678990EE /* Pods_ToDoList.framework in Frameworks */,
			);
			runOnlyForDeploymentPostprocessing = 0;
		};
/* End PBXFrameworksBuildPhase section */

/* Begin PBXGroup section */
		6F802023E465FCE22E00300B /* Pods */ = {
			isa = PBXGroup;
			children = (
				DE266F0C531223B4FA4BB2EB /* Pods-ToDoList.debug.xcconfig */,
				B04FF892B75B55096B0995A6 /* Pods-ToDoList.release.xcconfig */,
			);
			path = Pods;
			sourceTree = "<group>";
		};
		90330B1E24BDE372000345E9 /* Extensions */ = {
			isa = PBXGroup;
			children = (
			);
			path = Extensions;
			sourceTree = "<group>";
		};
		9042588D24BD8C75004D2EF6 = {
			isa = PBXGroup;
			children = (
				9042589824BD8C75004D2EF6 /* ToDoList */,
				9042589724BD8C75004D2EF6 /* Products */,
				6F802023E465FCE22E00300B /* Pods */,
				B1DB1518A5D81CF87E2483D4 /* Frameworks */,
			);
			sourceTree = "<group>";
		};
		9042589724BD8C75004D2EF6 /* Products */ = {
			isa = PBXGroup;
			children = (
				9042589624BD8C75004D2EF6 /* ToDoList.app */,
			);
			name = Products;
			sourceTree = "<group>";
		};
		9042589824BD8C75004D2EF6 /* ToDoList */ = {
			isa = PBXGroup;
			children = (
				90330B1E24BDE372000345E9 /* Extensions */,
				904258AE24BD9D0D004D2EF6 /* Model */,
				904258AD24BD9D07004D2EF6 /* ViewModels */,
				904258AC24BD9D00004D2EF6 /* Controllers */,
				904258AB24BD9CEB004D2EF6 /* Views */,
				9042589924BD8C75004D2EF6 /* AppDelegate.swift */,
				9042589B24BD8C75004D2EF6 /* ViewController.swift */,
				904258A024BD8C77004D2EF6 /* Assets.xcassets */,
				904258A224BD8C77004D2EF6 /* LaunchScreen.storyboard */,
				904258A524BD8C77004D2EF6 /* Info.plist */,
			);
			path = ToDoList;
			sourceTree = "<group>";
		};
		904258AB24BD9CEB004D2EF6 /* Views */ = {
			isa = PBXGroup;
			children = (
				9042589D24BD8C75004D2EF6 /* Main.storyboard */,
			);
			path = Views;
			sourceTree = "<group>";
		};
		904258AC24BD9D00004D2EF6 /* Controllers */ = {
			isa = PBXGroup;
			children = (
				90330B1C24BDD825000345E9 /* GoalCell.swift */,
				90C9606B24BE7211002299C0 /* GoalListViewController.swift */,
				90C9606E24BE722A002299C0 /* AddGoalViewController.swift */,
			);
			path = Controllers;
			sourceTree = "<group>";
		};
		904258AD24BD9D07004D2EF6 /* ViewModels */ = {
			isa = PBXGroup;
			children = (
			);
			path = ViewModels;
			sourceTree = "<group>";
		};
		904258AE24BD9D0D004D2EF6 /* Model */ = {
			isa = PBXGroup;
			children = (
				90330B1A24BDD78E000345E9 /* Goal.swift */,
			);
			path = Model;
			sourceTree = "<group>";
		};
		B1DB1518A5D81CF87E2483D4 /* Frameworks */ = {
			isa = PBXGroup;
			children = (
				E9D0155CABC057F8A9675B49 /* Pods_ToDoList.framework */,
			);
			name = Frameworks;
			sourceTree = "<group>";
		};
/* End PBXGroup section */

/* Begin PBXNativeTarget section */
		9042589524BD8C75004D2EF6 /* ToDoList */ = {
			isa = PBXNativeTarget;
			buildConfigurationList = 904258A824BD8C77004D2EF6 /* Build configuration list for PBXNativeTarget "ToDoList" */;
			buildPhases = (
				53EDFCBEA4BEAE197B9E4855 /* [CP] Check Pods Manifest.lock */,
				9042589224BD8C75004D2EF6 /* Sources */,
				9042589324BD8C75004D2EF6 /* Frameworks */,
				9042589424BD8C75004D2EF6 /* Resources */,
				FC0846445ADA80431F9ACDCD /* [CP] Embed Pods Frameworks */,
			);
			buildRules = (
			);
			dependencies = (
			);
			name = ToDoList;
			productName = ToDoList;
			productReference = 9042589624BD8C75004D2EF6 /* ToDoList.app */;
			productType = "com.apple.product-type.application";
		};
/* End PBXNativeTarget section */

/* Begin PBXProject section */
		9042588E24BD8C75004D2EF6 /* Project object */ = {
			isa = PBXProject;
			attributes = {
				LastSwiftUpdateCheck = 1030;
				LastUpgradeCheck = 1030;
				ORGANIZATIONNAME = "Francis XiApps";
				TargetAttributes = {
					9042589524BD8C75004D2EF6 = {
						CreatedOnToolsVersion = 10.3;
					};
				};
			};
			buildConfigurationList = 9042589124BD8C75004D2EF6 /* Build configuration list for PBXProject "ToDoList" */;
			compatibilityVersion = "Xcode 9.3";
			developmentRegion = en;
			hasScannedForEncodings = 0;
			knownRegions = (
				en,
				Base,
			);
			mainGroup = 9042588D24BD8C75004D2EF6;
			productRefGroup = 9042589724BD8C75004D2EF6 /* Products */;
			projectDirPath = "";
			projectRoot = "";
			targets = (
				9042589524BD8C75004D2EF6 /* ToDoList */,
			);
		};
/* End PBXProject section */

/* Begin PBXResourcesBuildPhase section */
		9042589424BD8C75004D2EF6 /* Resources */ = {
			isa = PBXResourcesBuildPhase;
			buildActionMask = 2147483647;
			files = (
				904258A424BD8C77004D2EF6 /* LaunchScreen.storyboard in Resources */,
				904258A124BD8C77004D2EF6 /* Assets.xcassets in Resources */,
				9042589F24BD8C75004D2EF6 /* Main.storyboard in Resources */,
			);
			runOnlyForDeploymentPostprocessing = 0;
		};
/* End PBXResourcesBuildPhase section */

/* Begin PBXShellScriptBuildPhase section */
		53EDFCBEA4BEAE197B9E4855 /* [CP] Check Pods Manifest.lock */ = {
			isa = PBXShellScriptBuildPhase;
			buildActionMask = 2147483647;
			files = (
			);
			inputFileListPaths = (
			);
			inputPaths = (
				"${PODS_PODFILE_DIR_PATH}/Podfile.lock",
				"${PODS_ROOT}/Manifest.lock",
			);
			name = "[CP] Check Pods Manifest.lock";
			outputFileListPaths = (
			);
			outputPaths = (
				"$(DERIVED_FILE_DIR)/Pods-ToDoList-checkManifestLockResult.txt",
			);
			runOnlyForDeploymentPostprocessing = 0;
			shellPath = /bin/sh;
			shellScript = "diff \"${PODS_PODFILE_DIR_PATH}/Podfile.lock\" \"${PODS_ROOT}/Manifest.lock\" > /dev/null\nif [ $? != 0 ] ; then\n    # print error to STDERR\n    echo \"error: The sandbox is not in sync with the Podfile.lock. Run 'pod install' or update your CocoaPods installation.\" >&2\n    exit 1\nfi\n# This output is used by Xcode 'outputs' to avoid re-running this script phase.\necho \"SUCCESS\" > \"${SCRIPT_OUTPUT_FILE_0}\"\n";
			showEnvVarsInLog = 0;
		};
		FC0846445ADA80431F9ACDCD /* [CP] Embed Pods Frameworks */ = {
			isa = PBXShellScriptBuildPhase;
			buildActionMask = 2147483647;
			files = (
			);
			inputFileListPaths = (
				"${PODS_ROOT}/Target Support Files/Pods-ToDoList/Pods-ToDoList-frameworks-${CONFIGURATION}-input-files.xcfilelist",
			);
			name = "[CP] Embed Pods Frameworks";
			outputFileListPaths = (
				"${PODS_ROOT}/Target Support Files/Pods-ToDoList/Pods-ToDoList-frameworks-${CONFIGURATION}-output-files.xcfilelist",
			);
			runOnlyForDeploymentPostprocessing = 0;
			shellPath = /bin/sh;
			shellScript = "\"${PODS_ROOT}/Target Support Files/Pods-ToDoList/Pods-ToDoList-frameworks.sh\"\n";
			showEnvVarsInLog = 0;
		};
/* End PBXShellScriptBuildPhase section */

/* Begin PBXSourcesBuildPhase section */
		9042589224BD8C75004D2EF6 /* Sources */ = {
			isa = PBXSourcesBuildPhase;
			buildActionMask = 2147483647;
			files = (
				90330B1D24BDD825000345E9 /* GoalCell.swift in Sources */,
				90C9606C24BE7212002299C0 /* GoalListViewController.swift in Sources */,
				90330B1B24BDD78E000345E9 /* Goal.swift in Sources */,
				90C9606F24BE722A002299C0 /* AddGoalViewController.swift in Sources */,
				9042589C24BD8C75004D2EF6 /* ViewController.swift in Sources */,
				9042589A24BD8C75004D2EF6 /* AppDelegate.swift in Sources */,
			);
			runOnlyForDeploymentPostprocessing = 0;
		};
/* End PBXSourcesBuildPhase section */

/* Begin PBXVariantGroup section */
		9042589D24BD8C75004D2EF6 /* Main.storyboard */ = {
			isa = PBXVariantGroup;
			children = (
				9042589E24BD8C75004D2EF6 /* Base */,
			);
			name = Main.storyboard;
			sourceTree = "<group>";
		};
		904258A224BD8C77004D2EF6 /* LaunchScreen.storyboard */ = {
			isa = PBXVariantGroup;
			children = (
				904258A324BD8C77004D2EF6 /* Base */,
			);
			name = LaunchScreen.storyboard;
			sourceTree = "<group>";
		};
/* End PBXVariantGroup section */

/* Begin XCBuildConfiguration section */
		904258A624BD8C77004D2EF6 /* Debug */ = {
			isa = XCBuildConfiguration;
			buildSettings = {
				ALWAYS_SEARCH_USER_PATHS = NO;
				CLANG_ANALYZER_NONNULL = YES;
				CLANG_ANALYZER_NUMBER_OBJECT_CONVERSION = YES_AGGRESSIVE;
				CLANG_CXX_LANGUAGE_STANDARD = "gnu++14";
				CLANG_CXX_LIBRARY = "libc++";
				CLANG_ENABLE_MODULES = YES;
				CLANG_ENABLE_OBJC_ARC = YES;
				CLANG_ENABLE_OBJC_WEAK = YES;
				CLANG_WARN_BLOCK_CAPTURE_AUTORELEASING = YES;
				CLANG_WARN_BOOL_CONVERSION = YES;
				CLANG_WARN_COMMA = YES;
				CLANG_WARN_CONSTANT_CONVERSION = YES;
				CLANG_WARN_DEPRECATED_OBJC_IMPLEMENTATIONS = YES;
				CLANG_WARN_DIRECT_OBJC_ISA_USAGE = YES_ERROR;
				CLANG_WARN_DOCUMENTATION_COMMENTS = YES;
				CLANG_WARN_EMPTY_BODY = YES;
				CLANG_WARN_ENUM_CONVERSION = YES;
				CLANG_WARN_INFINITE_RECURSION = YES;
				CLANG_WARN_INT_CONVERSION = YES;
				CLANG_WARN_NON_LITERAL_NULL_CONVERSION = YES;
				CLANG_WARN_OBJC_IMPLICIT_RETAIN_SELF = YES;
				CLANG_WARN_OBJC_LITERAL_CONVERSION = YES;
				CLANG_WARN_OBJC_ROOT_CLASS = YES_ERROR;
				CLANG_WARN_RANGE_LOOP_ANALYSIS = YES;
				CLANG_WARN_STRICT_PROTOTYPES = YES;
				CLANG_WARN_SUSPICIOUS_MOVE = YES;
				CLANG_WARN_UNGUARDED_AVAILABILITY = YES_AGGRESSIVE;
				CLANG_WARN_UNREACHABLE_CODE = YES;
				CLANG_WARN__DUPLICATE_METHOD_MATCH = YES;
				CODE_SIGN_IDENTITY = "iPhone Developer";
				COPY_PHASE_STRIP = NO;
				DEBUG_INFORMATION_FORMAT = dwarf;
				ENABLE_STRICT_OBJC_MSGSEND = YES;
				ENABLE_TESTABILITY = YES;
				GCC_C_LANGUAGE_STANDARD = gnu11;
				GCC_DYNAMIC_NO_PIC = NO;
				GCC_NO_COMMON_BLOCKS = YES;
				GCC_OPTIMIZATION_LEVEL = 0;
				GCC_PREPROCESSOR_DEFINITIONS = (
					"DEBUG=1",
					"$(inherited)",
				);
				GCC_WARN_64_TO_32_BIT_CONVERSION = YES;
				GCC_WARN_ABOUT_RETURN_TYPE = YES_ERROR;
				GCC_WARN_UNDECLARED_SELECTOR = YES;
				GCC_WARN_UNINITIALIZED_AUTOS = YES_AGGRESSIVE;
				GCC_WARN_UNUSED_FUNCTION = YES;
				GCC_WARN_UNUSED_VARIABLE = YES;
				IPHONEOS_DEPLOYMENT_TARGET = 12.4;
				MTL_ENABLE_DEBUG_INFO = INCLUDE_SOURCE;
				MTL_FAST_MATH = YES;
				ONLY_ACTIVE_ARCH = YES;
				SDKROOT = iphoneos;
				SWIFT_ACTIVE_COMPILATION_CONDITIONS = DEBUG;
				SWIFT_OPTIMIZATION_LEVEL = "-Onone";
			};
			name = Debug;
		};
		904258A724BD8C77004D2EF6 /* Release */ = {
			isa = XCBuildConfiguration;
			buildSettings = {
				ALWAYS_SEARCH_USER_PATHS = NO;
				CLANG_ANALYZER_NONNULL = YES;
				CLANG_ANALYZER_NUMBER_OBJECT_CONVERSION = YES_AGGRESSIVE;
				CLANG_CXX_LANGUAGE_STANDARD = "gnu++14";
				CLANG_CXX_LIBRARY = "libc++";
				CLANG_ENABLE_MODULES = YES;
				CLANG_ENABLE_OBJC_ARC = YES;
				CLANG_ENABLE_OBJC_WEAK = YES;
				CLANG_WARN_BLOCK_CAPTURE_AUTORELEASING = YES;
				CLANG_WARN_BOOL_CONVERSION = YES;
				CLANG_WARN_COMMA = YES;
				CLANG_WARN_CONSTANT_CONVERSION = YES;
				CLANG_WARN_DEPRECATED_OBJC_IMPLEMENTATIONS = YES;
				CLANG_WARN_DIRECT_OBJC_ISA_USAGE = YES_ERROR;
				CLANG_WARN_DOCUMENTATION_COMMENTS = YES;
				CLANG_WARN_EMPTY_BODY = YES;
				CLANG_WARN_ENUM_CONVERSION = YES;
				CLANG_WARN_INFINITE_RECURSION = YES;
				CLANG_WARN_INT_CONVERSION = YES;
				CLANG_WARN_NON_LITERAL_NULL_CONVERSION = YES;
				CLANG_WARN_OBJC_IMPLICIT_RETAIN_SELF = YES;
				CLANG_WARN_OBJC_LITERAL_CONVERSION = YES;
				CLANG_WARN_OBJC_ROOT_CLASS = YES_ERROR;
				CLANG_WARN_RANGE_LOOP_ANALYSIS = YES;
				CLANG_WARN_STRICT_PROTOTYPES = YES;
				CLANG_WARN_SUSPICIOUS_MOVE = YES;
				CLANG_WARN_UNGUARDED_AVAILABILITY = YES_AGGRESSIVE;
				CLANG_WARN_UNREACHABLE_CODE = YES;
				CLANG_WARN__DUPLICATE_METHOD_MATCH = YES;
				CODE_SIGN_IDENTITY = "iPhone Developer";
				COPY_PHASE_STRIP = NO;
				DEBUG_INFORMATION_FORMAT = "dwarf-with-dsym";
				ENABLE_NS_ASSERTIONS = NO;
				ENABLE_STRICT_OBJC_MSGSEND = YES;
				GCC_C_LANGUAGE_STANDARD = gnu11;
				GCC_NO_COMMON_BLOCKS = YES;
				GCC_WARN_64_TO_32_BIT_CONVERSION = YES;
				GCC_WARN_ABOUT_RETURN_TYPE = YES_ERROR;
				GCC_WARN_UNDECLARED_SELECTOR = YES;
				GCC_WARN_UNINITIALIZED_AUTOS = YES_AGGRESSIVE;
				GCC_WARN_UNUSED_FUNCTION = YES;
				GCC_WARN_UNUSED_VARIABLE = YES;
				IPHONEOS_DEPLOYMENT_TARGET = 12.4;
				MTL_ENABLE_DEBUG_INFO = NO;
				MTL_FAST_MATH = YES;
				SDKROOT = iphoneos;
				SWIFT_COMPILATION_MODE = wholemodule;
				SWIFT_OPTIMIZATION_LEVEL = "-O";
				VALIDATE_PRODUCT = YES;
			};
			name = Release;
		};
		904258A924BD8C77004D2EF6 /* Debug */ = {
			isa = XCBuildConfiguration;
			baseConfigurationReference = DE266F0C531223B4FA4BB2EB /* Pods-ToDoList.debug.xcconfig */;
			buildSettings = {
				ASSETCATALOG_COMPILER_APPICON_NAME = AppIcon;
				CODE_SIGN_STYLE = Automatic;
				DEVELOPMENT_TEAM = Q3EJJ6M7CU;
				INFOPLIST_FILE = ToDoList/Info.plist;
				LD_RUNPATH_SEARCH_PATHS = (
					"$(inherited)",
					"@executable_path/Frameworks",
				);
				PRODUCT_BUNDLE_IDENTIFIER = com.xiapps.ToDoList;
				PRODUCT_NAME = "$(TARGET_NAME)";
				SWIFT_VERSION = 5.0;
				TARGETED_DEVICE_FAMILY = "1,2";
			};
			name = Debug;
		};
		904258AA24BD8C77004D2EF6 /* Release */ = {
			isa = XCBuildConfiguration;
			baseConfigurationReference = B04FF892B75B55096B0995A6 /* Pods-ToDoList.release.xcconfig */;
			buildSettings = {
				ASSETCATALOG_COMPILER_APPICON_NAME = AppIcon;
				CODE_SIGN_STYLE = Automatic;
				DEVELOPMENT_TEAM = Q3EJJ6M7CU;
				INFOPLIST_FILE = ToDoList/Info.plist;
				LD_RUNPATH_SEARCH_PATHS = (
					"$(inherited)",
					"@executable_path/Frameworks",
				);
				PRODUCT_BUNDLE_IDENTIFIER = com.xiapps.ToDoList;
				PRODUCT_NAME = "$(TARGET_NAME)";
				SWIFT_VERSION = 5.0;
				TARGETED_DEVICE_FAMILY = "1,2";
			};
			name = Release;
		};
/* End XCBuildConfiguration section */

/* Begin XCConfigurationList section */
		9042589124BD8C75004D2EF6 /* Build configuration list for PBXProject "ToDoList" */ = {
			isa = XCConfigurationList;
			buildConfigurations = (
				904258A624BD8C77004D2EF6 /* Debug */,
				904258A724BD8C77004D2EF6 /* Release */,
			);
			defaultConfigurationIsVisible = 0;
			defaultConfigurationName = Release;
		};
		904258A824BD8C77004D2EF6 /* Build configuration list for PBXNativeTarget "ToDoList" */ = {
			isa = XCConfigurationList;
			buildConfigurations = (
				904258A924BD8C77004D2EF6 /* Debug */,
				904258AA24BD8C77004D2EF6 /* Release */,
			);
			defaultConfigurationIsVisible = 0;
			defaultConfigurationName = Release;
		};
/* End XCConfigurationList section */
	};
	rootObject = 9042588E24BD8C75004D2EF6 /* Project object */;
}
